
Microsoft Visual Studio Solution File, Format Version 12.00
# Visual Studio 15
VisualStudioVersion = 15.0.27004.2005
MinimumVisualStudioVersion = 10.0.40219.1
Project("{FAE04EC0-301F-11D3-BF4B-00C04F79EFBC}") = "HomeCaseCS_Lesson2_4", "HomeCaseCS_Lesson2_4.csproj", "{CDAB913A-ACAC-4314-9357-FFC692596489}"
EndProject
Global
	GlobalSection(SolutionConfigurationPlatforms) = preSolution
		Debug|Any CPU = Debug|Any CPU
		Release|Any CPU = Release|Any CPU
	EndGlobalSection
	GlobalSection(ProjectConfigurationPlatforms) = postSolution
		{CDAB913A-ACAC-4314-9357-FFC692596489}.Debug|Any CPU.ActiveCfg = Debug|Any CPU
		{CDAB913A-ACAC-4314-9357-FFC692596489}.Debug|Any CPU.Build.0 = Debug|Any CPU
		{CDAB913A-ACAC-4314-9357-FFC692596489}.Release|Any CPU.ActiveCfg = Release|Any CPU
		{CDAB913A-ACAC-4314-9357-FFC692596489}.Release|Any CPU.Build.0 = Release|Any CPU
	EndGlobalSection
	GlobalSection(SolutionProperties) = preSolution
		HideSolutionNode = FALSE
	EndGlobalSection
	GlobalSection(ExtensibilityGlobals) = postSolution
		SolutionGuid = {F2F908F0-AC7D-400B-858D-DABEB99A13A9}
	EndGlobalSection
EndGlobal
